
Microsoft Visual Studio Solution File, Format Version 12.00
# Visual Studio 15
VisualStudioVersion = 15.0.27004.2005
MinimumVisualStudioVersion = 10.0.40219.1
Project("{9A19103F-16F7-4668-BE54-9A1E7A4F7556}") = "GotCharacterApp", "ToDoApp\GotCharacterApp.csproj", "{9DC005B7-69AC-4BCA-BF15-7AD59B08094B}"
EndProject
Global
	GlobalSection(SolutionConfigurationPlatforms) = preSolution
		Debug|Any CPU = Debug|Any CPU
		Release|Any CPU = Release|Any CPU
	EndGlobalSection
	GlobalSection(ProjectConfigurationPlatforms) = postSolution
		{9DC005B7-69AC-4BCA-BF15-7AD59B08094B}.Debug|Any CPU.ActiveCfg = Debug|Any CPU
		{9DC005B7-69AC-4BCA-BF15-7AD59B08094B}.Debug|Any CPU.Build.0 = Debug|Any CPU
		{9DC005B7-69AC-4BCA-BF15-7AD59B08094B}.Release|Any CPU.ActiveCfg = Release|Any CPU
		{9DC005B7-69AC-4BCA-BF15-7AD59B08094B}.Release|Any CPU.Build.0 = Release|Any CPU
	EndGlobalSection
	GlobalSection(SolutionProperties) = preSolution
		HideSolutionNode = FALSE
	EndGlobalSection
	GlobalSection(ExtensibilityGlobals) = postSolution
		SolutionGuid = {0ABAA074-6F67-4D1C-BEB8-D8A9AFCF75EF}
	EndGlobalSection
EndGlobal
