
Microsoft Visual Studio Solution File, Format Version 12.00
# Visual Studio 15
VisualStudioVersion = 15.0.26730.15
MinimumVisualStudioVersion = 10.0.40219.1
Project("{FAE04EC0-301F-11D3-BF4B-00C04F79EFBC}") = "Dominoes", "Dominoes.csproj", "{B8E287A0-0E02-4014-9F9B-B125CABE9556}"
EndProject
Global
	GlobalSection(SolutionConfigurationPlatforms) = preSolution
		Debug|Any CPU = Debug|Any CPU
		Release|Any CPU = Release|Any CPU
	EndGlobalSection
	GlobalSection(ProjectConfigurationPlatforms) = postSolution
		{B8E287A0-0E02-4014-9F9B-B125CABE9556}.Debug|Any CPU.ActiveCfg = Debug|Any CPU
		{B8E287A0-0E02-4014-9F9B-B125CABE9556}.Debug|Any CPU.Build.0 = Debug|Any CPU
		{B8E287A0-0E02-4014-9F9B-B125CABE9556}.Release|Any CPU.ActiveCfg = Release|Any CPU
		{B8E287A0-0E02-4014-9F9B-B125CABE9556}.Release|Any CPU.Build.0 = Release|Any CPU
	EndGlobalSection
	GlobalSection(SolutionProperties) = preSolution
		HideSolutionNode = FALSE
	EndGlobalSection
	GlobalSection(ExtensibilityGlobals) = postSolution
		SolutionGuid = {8BBCEC6A-42C7-444E-AB2E-DF9A06DF281E}
	EndGlobalSection
EndGlobal
