
Microsoft Visual Studio Solution File, Format Version 12.00
# Visual Studio 15
VisualStudioVersion = 15.0.26730.15
MinimumVisualStudioVersion = 10.0.40219.1
Project("{FAE04EC0-301F-11D3-BF4B-00C04F79EFBC}") = "FunctionsToCenter", "FunctionsToCenter.csproj", "{F4E56351-F1B7-4C46-93ED-D1FEB11B83D2}"
EndProject
Global
	GlobalSection(SolutionConfigurationPlatforms) = preSolution
		Debug|Any CPU = Debug|Any CPU
		Release|Any CPU = Release|Any CPU
	EndGlobalSection
	GlobalSection(ProjectConfigurationPlatforms) = postSolution
		{F4E56351-F1B7-4C46-93ED-D1FEB11B83D2}.Debug|Any CPU.ActiveCfg = Debug|Any CPU
		{F4E56351-F1B7-4C46-93ED-D1FEB11B83D2}.Debug|Any CPU.Build.0 = Debug|Any CPU
		{F4E56351-F1B7-4C46-93ED-D1FEB11B83D2}.Release|Any CPU.ActiveCfg = Release|Any CPU
		{F4E56351-F1B7-4C46-93ED-D1FEB11B83D2}.Release|Any CPU.Build.0 = Release|Any CPU
	EndGlobalSection
	GlobalSection(SolutionProperties) = preSolution
		HideSolutionNode = FALSE
	EndGlobalSection
	GlobalSection(ExtensibilityGlobals) = postSolution
		SolutionGuid = {74B2440F-61B0-4802-A36C-C9BFF8E64175}
	EndGlobalSection
EndGlobal
