
Microsoft Visual Studio Solution File, Format Version 12.00
# Visual Studio 15
VisualStudioVersion = 15.0.26730.15
MinimumVisualStudioVersion = 10.0.40219.1
Project("{FAE04EC0-301F-11D3-BF4B-00C04F79EFBC}") = "Fibonacci", "Fibonacci.csproj", "{3FFB5036-D6E0-471C-83B5-C4EFF31940DD}"
EndProject
Global
	GlobalSection(SolutionConfigurationPlatforms) = preSolution
		Debug|Any CPU = Debug|Any CPU
		Release|Any CPU = Release|Any CPU
	EndGlobalSection
	GlobalSection(ProjectConfigurationPlatforms) = postSolution
		{3FFB5036-D6E0-471C-83B5-C4EFF31940DD}.Debug|Any CPU.ActiveCfg = Debug|Any CPU
		{3FFB5036-D6E0-471C-83B5-C4EFF31940DD}.Debug|Any CPU.Build.0 = Debug|Any CPU
		{3FFB5036-D6E0-471C-83B5-C4EFF31940DD}.Release|Any CPU.ActiveCfg = Release|Any CPU
		{3FFB5036-D6E0-471C-83B5-C4EFF31940DD}.Release|Any CPU.Build.0 = Release|Any CPU
	EndGlobalSection
	GlobalSection(SolutionProperties) = preSolution
		HideSolutionNode = FALSE
	EndGlobalSection
	GlobalSection(ExtensibilityGlobals) = postSolution
		SolutionGuid = {E89752B8-C7D6-4C25-B44A-7BF7D190474C}
	EndGlobalSection
EndGlobal
