
Microsoft Visual Studio Solution File, Format Version 12.00
# Visual Studio 15
VisualStudioVersion = 15.0.26730.15
MinimumVisualStudioVersion = 10.0.40219.1
Project("{FAE04EC0-301F-11D3-BF4B-00C04F79EFBC}") = "Power", "Power.csproj", "{4AF0BF04-1FC8-4A9E-AC34-993DA4E1BC04}"
EndProject
Global
	GlobalSection(SolutionConfigurationPlatforms) = preSolution
		Debug|Any CPU = Debug|Any CPU
		Release|Any CPU = Release|Any CPU
	EndGlobalSection
	GlobalSection(ProjectConfigurationPlatforms) = postSolution
		{4AF0BF04-1FC8-4A9E-AC34-993DA4E1BC04}.Debug|Any CPU.ActiveCfg = Debug|Any CPU
		{4AF0BF04-1FC8-4A9E-AC34-993DA4E1BC04}.Debug|Any CPU.Build.0 = Debug|Any CPU
		{4AF0BF04-1FC8-4A9E-AC34-993DA4E1BC04}.Release|Any CPU.ActiveCfg = Release|Any CPU
		{4AF0BF04-1FC8-4A9E-AC34-993DA4E1BC04}.Release|Any CPU.Build.0 = Release|Any CPU
	EndGlobalSection
	GlobalSection(SolutionProperties) = preSolution
		HideSolutionNode = FALSE
	EndGlobalSection
	GlobalSection(ExtensibilityGlobals) = postSolution
		SolutionGuid = {31340015-E35C-4B21-9748-79DE51E14181}
	EndGlobalSection
EndGlobal
