
Microsoft Visual Studio Solution File, Format Version 12.00
# Visual Studio 15
VisualStudioVersion = 15.0.27004.2002
MinimumVisualStudioVersion = 10.0.40219.1
Project("{FAE04EC0-301F-11D3-BF4B-00C04F79EFBC}") = "Exercise1", "Exercise1.csproj", "{91D95724-1DF0-4173-B0B0-ACE794382CBE}"
EndProject
Global
	GlobalSection(SolutionConfigurationPlatforms) = preSolution
		Debug|Any CPU = Debug|Any CPU
		Release|Any CPU = Release|Any CPU
	EndGlobalSection
	GlobalSection(ProjectConfigurationPlatforms) = postSolution
		{91D95724-1DF0-4173-B0B0-ACE794382CBE}.Debug|Any CPU.ActiveCfg = Debug|Any CPU
		{91D95724-1DF0-4173-B0B0-ACE794382CBE}.Debug|Any CPU.Build.0 = Debug|Any CPU
		{91D95724-1DF0-4173-B0B0-ACE794382CBE}.Release|Any CPU.ActiveCfg = Release|Any CPU
		{91D95724-1DF0-4173-B0B0-ACE794382CBE}.Release|Any CPU.Build.0 = Release|Any CPU
	EndGlobalSection
	GlobalSection(SolutionProperties) = preSolution
		HideSolutionNode = FALSE
	EndGlobalSection
	GlobalSection(ExtensibilityGlobals) = postSolution
		SolutionGuid = {F6B6EAA2-41D9-44BF-8261-799C2D8C3F68}
	EndGlobalSection
EndGlobal
