
Microsoft Visual Studio Solution File, Format Version 12.00
# Visual Studio 15
VisualStudioVersion = 15.0.26730.12
MinimumVisualStudioVersion = 10.0.40219.1
Project("{FAE04EC0-301F-11D3-BF4B-00C04F79EFBC}") = "ConsoleApp18", "ConsoleApp18\ConsoleApp18.csproj", "{EDF968C3-0EB4-4C50-B511-5E92DB07936C}"
EndProject
Global
	GlobalSection(SolutionConfigurationPlatforms) = preSolution
		Debug|Any CPU = Debug|Any CPU
		Release|Any CPU = Release|Any CPU
	EndGlobalSection
	GlobalSection(ProjectConfigurationPlatforms) = postSolution
		{EDF968C3-0EB4-4C50-B511-5E92DB07936C}.Debug|Any CPU.ActiveCfg = Debug|Any CPU
		{EDF968C3-0EB4-4C50-B511-5E92DB07936C}.Debug|Any CPU.Build.0 = Debug|Any CPU
		{EDF968C3-0EB4-4C50-B511-5E92DB07936C}.Release|Any CPU.ActiveCfg = Release|Any CPU
		{EDF968C3-0EB4-4C50-B511-5E92DB07936C}.Release|Any CPU.Build.0 = Release|Any CPU
	EndGlobalSection
	GlobalSection(SolutionProperties) = preSolution
		HideSolutionNode = FALSE
	EndGlobalSection
	GlobalSection(ExtensibilityGlobals) = postSolution
		SolutionGuid = {F83E0823-E985-46A7-8DA9-BB0726C39FF6}
	EndGlobalSection
EndGlobal
