
Microsoft Visual Studio Solution File, Format Version 12.00
# Visual Studio 15
VisualStudioVersion = 15.0.26730.16
MinimumVisualStudioVersion = 10.0.40219.1
Project("{FAE04EC0-301F-11D3-BF4B-00C04F79EFBC}") = "AnimalTask", "AnimalTask.csproj", "{88C1617A-A5F5-4FA7-89D6-E30CCE17D691}"
EndProject
Global
	GlobalSection(SolutionConfigurationPlatforms) = preSolution
		Debug|Any CPU = Debug|Any CPU
		Release|Any CPU = Release|Any CPU
	EndGlobalSection
	GlobalSection(ProjectConfigurationPlatforms) = postSolution
		{88C1617A-A5F5-4FA7-89D6-E30CCE17D691}.Debug|Any CPU.ActiveCfg = Debug|Any CPU
		{88C1617A-A5F5-4FA7-89D6-E30CCE17D691}.Debug|Any CPU.Build.0 = Debug|Any CPU
		{88C1617A-A5F5-4FA7-89D6-E30CCE17D691}.Release|Any CPU.ActiveCfg = Release|Any CPU
		{88C1617A-A5F5-4FA7-89D6-E30CCE17D691}.Release|Any CPU.Build.0 = Release|Any CPU
	EndGlobalSection
	GlobalSection(SolutionProperties) = preSolution
		HideSolutionNode = FALSE
	EndGlobalSection
	GlobalSection(ExtensibilityGlobals) = postSolution
		SolutionGuid = {E594EB45-4596-46F5-BA14-215CB7D0722A}
	EndGlobalSection
EndGlobal
