
Microsoft Visual Studio Solution File, Format Version 12.00
# Visual Studio 15
VisualStudioVersion = 15.0.26730.15
MinimumVisualStudioVersion = 10.0.40219.1
Project("{FAE04EC0-301F-11D3-BF4B-00C04F79EFBC}") = "RainbowBox", "RainbowBox.csproj", "{1085D44B-77B8-4A4D-AF31-2D5006645037}"
EndProject
Global
	GlobalSection(SolutionConfigurationPlatforms) = preSolution
		Debug|Any CPU = Debug|Any CPU
		Release|Any CPU = Release|Any CPU
	EndGlobalSection
	GlobalSection(ProjectConfigurationPlatforms) = postSolution
		{1085D44B-77B8-4A4D-AF31-2D5006645037}.Debug|Any CPU.ActiveCfg = Debug|Any CPU
		{1085D44B-77B8-4A4D-AF31-2D5006645037}.Debug|Any CPU.Build.0 = Debug|Any CPU
		{1085D44B-77B8-4A4D-AF31-2D5006645037}.Release|Any CPU.ActiveCfg = Release|Any CPU
		{1085D44B-77B8-4A4D-AF31-2D5006645037}.Release|Any CPU.Build.0 = Release|Any CPU
	EndGlobalSection
	GlobalSection(SolutionProperties) = preSolution
		HideSolutionNode = FALSE
	EndGlobalSection
	GlobalSection(ExtensibilityGlobals) = postSolution
		SolutionGuid = {67E862DC-D53F-43A3-A62E-C029B44D6B90}
	EndGlobalSection
EndGlobal
