
Microsoft Visual Studio Solution File, Format Version 12.00
# Visual Studio 15
VisualStudioVersion = 15.0.27004.2005
MinimumVisualStudioVersion = 10.0.40219.1
Project("{FAE04EC0-301F-11D3-BF4B-00C04F79EFBC}") = "GoTApp", "GoTApp\GoTApp.csproj", "{28863AE3-0A7C-4325-95A2-1D4D64104D75}"
EndProject
Global
	GlobalSection(SolutionConfigurationPlatforms) = preSolution
		Debug|Any CPU = Debug|Any CPU
		Release|Any CPU = Release|Any CPU
	EndGlobalSection
	GlobalSection(ProjectConfigurationPlatforms) = postSolution
		{28863AE3-0A7C-4325-95A2-1D4D64104D75}.Debug|Any CPU.ActiveCfg = Debug|Any CPU
		{28863AE3-0A7C-4325-95A2-1D4D64104D75}.Debug|Any CPU.Build.0 = Debug|Any CPU
		{28863AE3-0A7C-4325-95A2-1D4D64104D75}.Release|Any CPU.ActiveCfg = Release|Any CPU
		{28863AE3-0A7C-4325-95A2-1D4D64104D75}.Release|Any CPU.Build.0 = Release|Any CPU
	EndGlobalSection
	GlobalSection(SolutionProperties) = preSolution
		HideSolutionNode = FALSE
	EndGlobalSection
	GlobalSection(ExtensibilityGlobals) = postSolution
		SolutionGuid = {170E3FAE-C14C-4F25-BD23-65322C95A569}
	EndGlobalSection
EndGlobal
