
Microsoft Visual Studio Solution File, Format Version 12.00
# Visual Studio 15
VisualStudioVersion = 15.0.26730.16
MinimumVisualStudioVersion = 10.0.40219.1
Project("{FAE04EC0-301F-11D3-BF4B-00C04F79EFBC}") = "Anagram", "Anagram.csproj", "{672D9172-081D-41DA-A3F1-D55CFF88C479}"
EndProject
Project("{FAE04EC0-301F-11D3-BF4B-00C04F79EFBC}") = "AnagramTest", "..\AnagramTest\AnagramTest.csproj", "{B82E8372-0743-4D15-A377-E6115771B94B}"
EndProject
Global
	GlobalSection(SolutionConfigurationPlatforms) = preSolution
		Debug|Any CPU = Debug|Any CPU
		Release|Any CPU = Release|Any CPU
	EndGlobalSection
	GlobalSection(ProjectConfigurationPlatforms) = postSolution
		{672D9172-081D-41DA-A3F1-D55CFF88C479}.Debug|Any CPU.ActiveCfg = Debug|Any CPU
		{672D9172-081D-41DA-A3F1-D55CFF88C479}.Debug|Any CPU.Build.0 = Debug|Any CPU
		{672D9172-081D-41DA-A3F1-D55CFF88C479}.Release|Any CPU.ActiveCfg = Release|Any CPU
		{672D9172-081D-41DA-A3F1-D55CFF88C479}.Release|Any CPU.Build.0 = Release|Any CPU
		{B82E8372-0743-4D15-A377-E6115771B94B}.Debug|Any CPU.ActiveCfg = Debug|Any CPU
		{B82E8372-0743-4D15-A377-E6115771B94B}.Debug|Any CPU.Build.0 = Debug|Any CPU
		{B82E8372-0743-4D15-A377-E6115771B94B}.Release|Any CPU.ActiveCfg = Release|Any CPU
		{B82E8372-0743-4D15-A377-E6115771B94B}.Release|Any CPU.Build.0 = Release|Any CPU
	EndGlobalSection
	GlobalSection(SolutionProperties) = preSolution
		HideSolutionNode = FALSE
	EndGlobalSection
	GlobalSection(ExtensibilityGlobals) = postSolution
		SolutionGuid = {0AF26C46-0834-453F-880A-DF16C81217FE}
	EndGlobalSection
EndGlobal
