
Microsoft Visual Studio Solution File, Format Version 12.00
# Visual Studio 15
VisualStudioVersion = 15.0.26730.12
MinimumVisualStudioVersion = 10.0.40219.1
Project("{FAE04EC0-301F-11D3-BF4B-00C04F79EFBC}") = "DrawDiagonal", "DrawDiagonal\DrawDiagonal.csproj", "{9D48374A-E3F4-4BF6-8636-7E4E56A13D54}"
EndProject
Global
	GlobalSection(SolutionConfigurationPlatforms) = preSolution
		Debug|Any CPU = Debug|Any CPU
		Release|Any CPU = Release|Any CPU
	EndGlobalSection
	GlobalSection(ProjectConfigurationPlatforms) = postSolution
		{9D48374A-E3F4-4BF6-8636-7E4E56A13D54}.Debug|Any CPU.ActiveCfg = Debug|Any CPU
		{9D48374A-E3F4-4BF6-8636-7E4E56A13D54}.Debug|Any CPU.Build.0 = Debug|Any CPU
		{9D48374A-E3F4-4BF6-8636-7E4E56A13D54}.Release|Any CPU.ActiveCfg = Release|Any CPU
		{9D48374A-E3F4-4BF6-8636-7E4E56A13D54}.Release|Any CPU.Build.0 = Release|Any CPU
	EndGlobalSection
	GlobalSection(SolutionProperties) = preSolution
		HideSolutionNode = FALSE
	EndGlobalSection
	GlobalSection(ExtensibilityGlobals) = postSolution
		SolutionGuid = {207F8EA6-17A3-4784-A5B1-F00319D6ABD2}
	EndGlobalSection
EndGlobal
