
Microsoft Visual Studio Solution File, Format Version 12.00
# Visual Studio 15
VisualStudioVersion = 15.0.26730.15
MinimumVisualStudioVersion = 10.0.40219.1
Project("{FAE04EC0-301F-11D3-BF4B-00C04F79EFBC}") = "HorizontalLines", "HorizontalLines.csproj", "{C1FCCBFF-9247-43EB-BB5E-356B4EC9B861}"
EndProject
Global
	GlobalSection(SolutionConfigurationPlatforms) = preSolution
		Debug|Any CPU = Debug|Any CPU
		Release|Any CPU = Release|Any CPU
	EndGlobalSection
	GlobalSection(ProjectConfigurationPlatforms) = postSolution
		{C1FCCBFF-9247-43EB-BB5E-356B4EC9B861}.Debug|Any CPU.ActiveCfg = Debug|Any CPU
		{C1FCCBFF-9247-43EB-BB5E-356B4EC9B861}.Debug|Any CPU.Build.0 = Debug|Any CPU
		{C1FCCBFF-9247-43EB-BB5E-356B4EC9B861}.Release|Any CPU.ActiveCfg = Release|Any CPU
		{C1FCCBFF-9247-43EB-BB5E-356B4EC9B861}.Release|Any CPU.Build.0 = Release|Any CPU
	EndGlobalSection
	GlobalSection(SolutionProperties) = preSolution
		HideSolutionNode = FALSE
	EndGlobalSection
	GlobalSection(ExtensibilityGlobals) = postSolution
		SolutionGuid = {580D7887-E55F-464E-AACF-6E2622E94A64}
	EndGlobalSection
EndGlobal
