
Microsoft Visual Studio Solution File, Format Version 12.00
# Visual Studio 15
VisualStudioVersion = 15.0.26730.15
MinimumVisualStudioVersion = 10.0.40219.1
Project("{FAE04EC0-301F-11D3-BF4B-00C04F79EFBC}") = "Tapestry", "Tapestry.csproj", "{4EDF6A9F-A677-49A9-97EF-E9169DFEDAAA}"
EndProject
Global
	GlobalSection(SolutionConfigurationPlatforms) = preSolution
		Debug|Any CPU = Debug|Any CPU
		Release|Any CPU = Release|Any CPU
	EndGlobalSection
	GlobalSection(ProjectConfigurationPlatforms) = postSolution
		{4EDF6A9F-A677-49A9-97EF-E9169DFEDAAA}.Debug|Any CPU.ActiveCfg = Debug|Any CPU
		{4EDF6A9F-A677-49A9-97EF-E9169DFEDAAA}.Debug|Any CPU.Build.0 = Debug|Any CPU
		{4EDF6A9F-A677-49A9-97EF-E9169DFEDAAA}.Release|Any CPU.ActiveCfg = Release|Any CPU
		{4EDF6A9F-A677-49A9-97EF-E9169DFEDAAA}.Release|Any CPU.Build.0 = Release|Any CPU
	EndGlobalSection
	GlobalSection(SolutionProperties) = preSolution
		HideSolutionNode = FALSE
	EndGlobalSection
	GlobalSection(ExtensibilityGlobals) = postSolution
		SolutionGuid = {0CEBE7EC-5721-4012-B93E-19AAC61B666C}
	EndGlobalSection
EndGlobal
