
Microsoft Visual Studio Solution File, Format Version 12.00
# Visual Studio 15
VisualStudioVersion = 15.0.27004.2002
MinimumVisualStudioVersion = 10.0.40219.1
Project("{FAE04EC0-301F-11D3-BF4B-00C04F79EFBC}") = "Exercise8", "Exercise8.csproj", "{2778C187-CECE-4DB5-AB84-760EF196B9FB}"
EndProject
Global
	GlobalSection(SolutionConfigurationPlatforms) = preSolution
		Debug|Any CPU = Debug|Any CPU
		Release|Any CPU = Release|Any CPU
	EndGlobalSection
	GlobalSection(ProjectConfigurationPlatforms) = postSolution
		{2778C187-CECE-4DB5-AB84-760EF196B9FB}.Debug|Any CPU.ActiveCfg = Debug|Any CPU
		{2778C187-CECE-4DB5-AB84-760EF196B9FB}.Debug|Any CPU.Build.0 = Debug|Any CPU
		{2778C187-CECE-4DB5-AB84-760EF196B9FB}.Release|Any CPU.ActiveCfg = Release|Any CPU
		{2778C187-CECE-4DB5-AB84-760EF196B9FB}.Release|Any CPU.Build.0 = Release|Any CPU
	EndGlobalSection
	GlobalSection(SolutionProperties) = preSolution
		HideSolutionNode = FALSE
	EndGlobalSection
	GlobalSection(ExtensibilityGlobals) = postSolution
		SolutionGuid = {CC986A85-61B9-4D92-AE50-90D4AD5775EB}
	EndGlobalSection
EndGlobal
