
Microsoft Visual Studio Solution File, Format Version 12.00
# Visual Studio 15
VisualStudioVersion = 15.0.26730.12
MinimumVisualStudioVersion = 10.0.40219.1
Project("{FAE04EC0-301F-11D3-BF4B-00C04F79EFBC}") = "DrawADiamond", "DrawADiamond\DrawADiamond.csproj", "{4EF1CD3A-1366-44F3-A758-2A55BE5E55A7}"
EndProject
Global
	GlobalSection(SolutionConfigurationPlatforms) = preSolution
		Debug|Any CPU = Debug|Any CPU
		Release|Any CPU = Release|Any CPU
	EndGlobalSection
	GlobalSection(ProjectConfigurationPlatforms) = postSolution
		{4EF1CD3A-1366-44F3-A758-2A55BE5E55A7}.Debug|Any CPU.ActiveCfg = Debug|Any CPU
		{4EF1CD3A-1366-44F3-A758-2A55BE5E55A7}.Debug|Any CPU.Build.0 = Debug|Any CPU
		{4EF1CD3A-1366-44F3-A758-2A55BE5E55A7}.Release|Any CPU.ActiveCfg = Release|Any CPU
		{4EF1CD3A-1366-44F3-A758-2A55BE5E55A7}.Release|Any CPU.Build.0 = Release|Any CPU
	EndGlobalSection
	GlobalSection(SolutionProperties) = preSolution
		HideSolutionNode = FALSE
	EndGlobalSection
	GlobalSection(ExtensibilityGlobals) = postSolution
		SolutionGuid = {41526211-15BA-4FF6-86F9-589940FB4A82}
	EndGlobalSection
EndGlobal
