
Microsoft Visual Studio Solution File, Format Version 12.00
# Visual Studio 15
VisualStudioVersion = 15.0.27004.2005
MinimumVisualStudioVersion = 10.0.40219.1
Project("{FAE04EC0-301F-11D3-BF4B-00C04F79EFBC}") = "TodoApi", "TodoApi\TodoApi.csproj", "{A8C48629-C658-41F9-9868-9E6B3750E51F}"
EndProject
Global
	GlobalSection(SolutionConfigurationPlatforms) = preSolution
		Debug|Any CPU = Debug|Any CPU
		Release|Any CPU = Release|Any CPU
	EndGlobalSection
	GlobalSection(ProjectConfigurationPlatforms) = postSolution
		{A8C48629-C658-41F9-9868-9E6B3750E51F}.Debug|Any CPU.ActiveCfg = Debug|Any CPU
		{A8C48629-C658-41F9-9868-9E6B3750E51F}.Debug|Any CPU.Build.0 = Debug|Any CPU
		{A8C48629-C658-41F9-9868-9E6B3750E51F}.Release|Any CPU.ActiveCfg = Release|Any CPU
		{A8C48629-C658-41F9-9868-9E6B3750E51F}.Release|Any CPU.Build.0 = Release|Any CPU
	EndGlobalSection
	GlobalSection(SolutionProperties) = preSolution
		HideSolutionNode = FALSE
	EndGlobalSection
	GlobalSection(ExtensibilityGlobals) = postSolution
		SolutionGuid = {689757E7-8ADC-47B4-8D1C-C76366CD3D76}
	EndGlobalSection
EndGlobal
