
Microsoft Visual Studio Solution File, Format Version 12.00
# Visual Studio 15
VisualStudioVersion = 15.0.26730.15
MinimumVisualStudioVersion = 10.0.40219.1
Project("{FAE04EC0-301F-11D3-BF4B-00C04F79EFBC}") = "GardenApp", "GardenApp.csproj", "{14FAB9FE-B0C9-4CD3-B59E-39114699EEFC}"
EndProject
Global
	GlobalSection(SolutionConfigurationPlatforms) = preSolution
		Debug|Any CPU = Debug|Any CPU
		Release|Any CPU = Release|Any CPU
	EndGlobalSection
	GlobalSection(ProjectConfigurationPlatforms) = postSolution
		{14FAB9FE-B0C9-4CD3-B59E-39114699EEFC}.Debug|Any CPU.ActiveCfg = Debug|Any CPU
		{14FAB9FE-B0C9-4CD3-B59E-39114699EEFC}.Debug|Any CPU.Build.0 = Debug|Any CPU
		{14FAB9FE-B0C9-4CD3-B59E-39114699EEFC}.Release|Any CPU.ActiveCfg = Release|Any CPU
		{14FAB9FE-B0C9-4CD3-B59E-39114699EEFC}.Release|Any CPU.Build.0 = Release|Any CPU
	EndGlobalSection
	GlobalSection(SolutionProperties) = preSolution
		HideSolutionNode = FALSE
	EndGlobalSection
	GlobalSection(ExtensibilityGlobals) = postSolution
		SolutionGuid = {E54F0043-6E6E-40C8-A508-133232DDE680}
	EndGlobalSection
EndGlobal
