
Microsoft Visual Studio Solution File, Format Version 12.00
# Visual Studio 15
VisualStudioVersion = 15.0.26730.15
MinimumVisualStudioVersion = 10.0.40219.1
Project("{FAE04EC0-301F-11D3-BF4B-00C04F79EFBC}") = "CenterBox", "CenterBox.csproj", "{A5EC4414-BDBD-43F5-8AC0-9EFBE7001CCA}"
EndProject
Global
	GlobalSection(SolutionConfigurationPlatforms) = preSolution
		Debug|Any CPU = Debug|Any CPU
		Release|Any CPU = Release|Any CPU
	EndGlobalSection
	GlobalSection(ProjectConfigurationPlatforms) = postSolution
		{A5EC4414-BDBD-43F5-8AC0-9EFBE7001CCA}.Debug|Any CPU.ActiveCfg = Debug|Any CPU
		{A5EC4414-BDBD-43F5-8AC0-9EFBE7001CCA}.Debug|Any CPU.Build.0 = Debug|Any CPU
		{A5EC4414-BDBD-43F5-8AC0-9EFBE7001CCA}.Release|Any CPU.ActiveCfg = Release|Any CPU
		{A5EC4414-BDBD-43F5-8AC0-9EFBE7001CCA}.Release|Any CPU.Build.0 = Release|Any CPU
	EndGlobalSection
	GlobalSection(SolutionProperties) = preSolution
		HideSolutionNode = FALSE
	EndGlobalSection
	GlobalSection(ExtensibilityGlobals) = postSolution
		SolutionGuid = {C182AF31-B3B1-4231-975C-4E35A65AD5B1}
	EndGlobalSection
EndGlobal
