
Microsoft Visual Studio Solution File, Format Version 12.00
# Visual Studio 15
VisualStudioVersion = 15.0.26730.16
MinimumVisualStudioVersion = 10.0.40219.1
Project("{FAE04EC0-301F-11D3-BF4B-00C04F79EFBC}") = "FindInteger", "FindInteger.csproj", "{080F29C8-5C58-4CB4-8958-A7BC08E14CD4}"
EndProject
Global
	GlobalSection(SolutionConfigurationPlatforms) = preSolution
		Debug|Any CPU = Debug|Any CPU
		Release|Any CPU = Release|Any CPU
	EndGlobalSection
	GlobalSection(ProjectConfigurationPlatforms) = postSolution
		{080F29C8-5C58-4CB4-8958-A7BC08E14CD4}.Debug|Any CPU.ActiveCfg = Debug|Any CPU
		{080F29C8-5C58-4CB4-8958-A7BC08E14CD4}.Debug|Any CPU.Build.0 = Debug|Any CPU
		{080F29C8-5C58-4CB4-8958-A7BC08E14CD4}.Release|Any CPU.ActiveCfg = Release|Any CPU
		{080F29C8-5C58-4CB4-8958-A7BC08E14CD4}.Release|Any CPU.Build.0 = Release|Any CPU
	EndGlobalSection
	GlobalSection(SolutionProperties) = preSolution
		HideSolutionNode = FALSE
	EndGlobalSection
	GlobalSection(ExtensibilityGlobals) = postSolution
		SolutionGuid = {FE8FB4CC-65AA-4D4C-A75F-D503E7E25B82}
	EndGlobalSection
EndGlobal
