
Microsoft Visual Studio Solution File, Format Version 12.00
# Visual Studio 15
VisualStudioVersion = 15.0.26730.12
MinimumVisualStudioVersion = 10.0.40219.1
Project("{FAE04EC0-301F-11D3-BF4B-00C04F79EFBC}") = "ConsoleApp14", "ConsoleApp14\ConsoleApp14.csproj", "{EA364C87-2748-4FD4-9E11-B7860BADE77A}"
EndProject
Global
	GlobalSection(SolutionConfigurationPlatforms) = preSolution
		Debug|Any CPU = Debug|Any CPU
		Release|Any CPU = Release|Any CPU
	EndGlobalSection
	GlobalSection(ProjectConfigurationPlatforms) = postSolution
		{EA364C87-2748-4FD4-9E11-B7860BADE77A}.Debug|Any CPU.ActiveCfg = Debug|Any CPU
		{EA364C87-2748-4FD4-9E11-B7860BADE77A}.Debug|Any CPU.Build.0 = Debug|Any CPU
		{EA364C87-2748-4FD4-9E11-B7860BADE77A}.Release|Any CPU.ActiveCfg = Release|Any CPU
		{EA364C87-2748-4FD4-9E11-B7860BADE77A}.Release|Any CPU.Build.0 = Release|Any CPU
	EndGlobalSection
	GlobalSection(SolutionProperties) = preSolution
		HideSolutionNode = FALSE
	EndGlobalSection
	GlobalSection(ExtensibilityGlobals) = postSolution
		SolutionGuid = {BA012463-D256-42A8-9593-6ABDC610922E}
	EndGlobalSection
EndGlobal
